<Solution>
  <Folder Name="/Account/">
    <Project Path="Account/Account.Application/Account.Application.csproj" />
    <Project Path="Account/Account.Domain/Account.Domain.csproj" />
    <Project Path="Account/Account.Infrastructure/Account.Infrastructure.csproj" />
    <Project Path="Account/Account.WebAPI/Account.WebAPI.csproj" />
  </Folder>
  <Folder Name="/Components/">
    <Project Path="Components/Auth/Auth.csproj" />
    <Project Path="Components/Exceptions/Exceptions.csproj" />
    <Project Path="Components/Identity/Identity.csproj" />
    <Project Path="Components/Persistence/Persistence.csproj" />
    <Project Path="Components/Primitives/Primitives.csproj" />
    <Project Path="Components/Response/Response.csproj" />
    <Project Path="Components/ServiceDefaults/ServiceDefaults.csproj" />
  </Folder>
  <Folder Name="/Notifications/">
    <Project Path="Notifications/Notifications.Application/Notifications.Application.csproj" />
    <Project Path="Notifications/Notifications.Domain/Notifications.Domain.csproj" />
    <Project Path="Notifications/Notifications.Infrastructure/Notifications.Infrastructure.csproj" />
    <Project Path="Notifications/Notifications.WebAPI/Notifications.WebAPI.csproj" />
  </Folder>
  <Folder Name="/SastImg/">
    <Project Path="SastImg/SastImg.Application/SastImg.Application.csproj" />
    <Project Path="SastImg/SastImg.Domain/SastImg.Domain.csproj" />
    <Project Path="SastImg/SastImg.Infrastructure/SastImg.Infrastructure.csproj" />
    <Project Path="SastImg/SastImg.Test/SastImg.Test.csproj" />
    <Project Path="SastImg/SastImg.WebAPI/SastImg.WebAPI.csproj" />
  </Folder>
  <Folder Name="/SNS/">
    <Project Path="SNS/SNS.Application/SNS.Application.csproj" />
    <Project Path="SNS/SNS.Domain.Core/SNS.Domain.Core.csproj" />
    <Project Path="SNS/SNS.Domain/SNS.Domain.csproj" />
    <Project Path="SNS/SNS.Infrastructure/SNS.Infrastructure.csproj" />
    <Project Path="SNS/SNS.WebAPI/SNS.WebAPI.csproj" />
  </Folder>
  <Folder Name="/Storage/">
    <Project Path="Storage/Storage.Application/Storage.Application.csproj" />
    <Project Path="Storage/Storage.Infrastructure/Storage.Infrastructure.csproj" />
    <Project Path="Storage/Storage.Test/Storage.Test.csproj" />
    <Project Path="Storage/Storage.WebAPI/Storage.WebAPI.csproj" />
  </Folder>
  <Project Path="AppHost/AppHost.csproj" />
  <Project Path="Proxy/Proxy.csproj" />
</Solution>
