
Microsoft Visual Studio Solution File, Format Version 12.00
# Visual Studio Version 17
VisualStudioVersion = 17.6.33829.357
MinimumVisualStudioVersion = 10.0.40219.1
Project("{9A19103F-16F7-4668-BE54-9A1E7A4F7556}") = "SastImg.WebAPI", "SastImgAPI\SastImg.WebAPI.csproj", "{6ECDD05B-D9CA-4193-841C-509D63E43894}"
EndProject
Project("{9A19103F-16F7-4668-BE54-9A1E7A4F7556}") = "Response", "Response\Response.csproj", "{6C05D892-B13D-4666-A81F-E95615A4AC2F}"
EndProject
Project("{2150E333-8FDC-42A3-9474-1A3956D46DE8}") = "Deprecated", "Deprecated", "{88633096-664A-40A2-951A-C142974B7C6C}"
EndProject
Project("{9A19103F-16F7-4668-BE54-9A1E7A4F7556}") = "Common", "Common\Common.csproj", "{AC5FC9E5-A7C9-48EB-8F41-889D13C4BF4D}"
EndProject
Project("{2150E333-8FDC-42A3-9474-1A3956D46DE8}") = "Account", "Account", "{658F10E6-D599-46B3-9922-44C1B0D5D4F3}"
EndProject
Project("{9A19103F-16F7-4668-BE54-9A1E7A4F7556}") = "Account.Domain", "Account\Account.Domain\Account.Domain.csproj", "{561891D1-136B-4A20-9B83-23C5F1557CE6}"
EndProject
Project("{9A19103F-16F7-4668-BE54-9A1E7A4F7556}") = "Account.Infrastructure", "Account\Account.Infrastructure\Account.Infrastructure.csproj", "{5262B5B5-E2D5-4475-9740-C737AB1025F5}"
EndProject
Project("{9A19103F-16F7-4668-BE54-9A1E7A4F7556}") = "Account.Application", "Account\Account.Application\Account.Application.csproj", "{B21F9917-134E-4062-B5A1-19BE8FA2E995}"
EndProject
Project("{9A19103F-16F7-4668-BE54-9A1E7A4F7556}") = "Account.Presentation", "Account\Account.Presentation\Account.Presentation.csproj", "{3A6CD0AD-4F48-47B1-833C-CD777A2F6804}"
EndProject
Project("{2150E333-8FDC-42A3-9474-1A3956D46DE8}") = "Contact", "Contact", "{2A259553-4028-4E93-921D-A089D0DDD0C4}"
EndProject
Project("{9A19103F-16F7-4668-BE54-9A1E7A4F7556}") = "Contact.Domain", "Contact\Contact.Domain\Contact.Domain.csproj", "{546F295C-AD34-4979-B62A-62C092ABD9CC}"
EndProject
Project("{9A19103F-16F7-4668-BE54-9A1E7A4F7556}") = "Contact.Infrastructure", "Contact\Contact.Infrastructure\Contact.Infrastructure.csproj", "{5C48394D-7EF4-4FA9-9C23-6B66D3A39535}"
EndProject
Project("{9A19103F-16F7-4668-BE54-9A1E7A4F7556}") = "Contact.Application", "Contact\Contact.Application\Contact.Application.csproj", "{7399D12A-E5CB-48A4-BB57-7326133CBD65}"
EndProject
Project("{9A19103F-16F7-4668-BE54-9A1E7A4F7556}") = "Contact.WebAPI", "WebAPI\Contact.WebAPI\Contact.WebAPI.csproj", "{A2F1DF65-60BE-4492-99D7-F3799A9D7DD9}"
EndProject
Project("{2150E333-8FDC-42A3-9474-1A3956D46DE8}") = "SastImg", "SastImg", "{EC76366E-E765-4463-8B45-13E80A4D2E2E}"
EndProject
Project("{9A19103F-16F7-4668-BE54-9A1E7A4F7556}") = "SastImg.WebAPI", "SastImg\SastImg.WebAPI\SastImg.WebAPI.csproj", "{D45AE23B-3B98-4869-9CE5-61C40D04BE72}"
EndProject
Project("{9A19103F-16F7-4668-BE54-9A1E7A4F7556}") = "SastImg.Domain", "SastImg\SastImg.Domain\SastImg.Domain.csproj", "{42CA61B8-0FAD-4A27-9CA6-891547FF111B}"
EndProject
Project("{9A19103F-16F7-4668-BE54-9A1E7A4F7556}") = "SastImg.Application", "SastImg\SastImg.Application\SastImg.Application.csproj", "{4D15EF60-3A22-4F83-9C91-5B5222A772C9}"
EndProject
Project("{9A19103F-16F7-4668-BE54-9A1E7A4F7556}") = "SastImg.Infrastructure", "SastImg\SastImg.Infrastructure\SastImg.Infrastructure.csproj", "{B30FCE28-5308-4587-A802-87894EA985D4}"
EndProject
Global
	GlobalSection(SolutionConfigurationPlatforms) = preSolution
		Debug|Any CPU = Debug|Any CPU
		Release|Any CPU = Release|Any CPU
	EndGlobalSection
	GlobalSection(ProjectConfigurationPlatforms) = postSolution
		{6ECDD05B-D9CA-4193-841C-509D63E43894}.Debug|Any CPU.ActiveCfg = Debug|Any CPU
		{6ECDD05B-D9CA-4193-841C-509D63E43894}.Debug|Any CPU.Build.0 = Debug|Any CPU
		{6ECDD05B-D9CA-4193-841C-509D63E43894}.Release|Any CPU.ActiveCfg = Release|Any CPU
		{6ECDD05B-D9CA-4193-841C-509D63E43894}.Release|Any CPU.Build.0 = Release|Any CPU
		{6C05D892-B13D-4666-A81F-E95615A4AC2F}.Debug|Any CPU.ActiveCfg = Debug|Any CPU
		{6C05D892-B13D-4666-A81F-E95615A4AC2F}.Debug|Any CPU.Build.0 = Debug|Any CPU
		{6C05D892-B13D-4666-A81F-E95615A4AC2F}.Release|Any CPU.ActiveCfg = Release|Any CPU
		{6C05D892-B13D-4666-A81F-E95615A4AC2F}.Release|Any CPU.Build.0 = Release|Any CPU
		{AC5FC9E5-A7C9-48EB-8F41-889D13C4BF4D}.Debug|Any CPU.ActiveCfg = Debug|Any CPU
		{AC5FC9E5-A7C9-48EB-8F41-889D13C4BF4D}.Debug|Any CPU.Build.0 = Debug|Any CPU
		{AC5FC9E5-A7C9-48EB-8F41-889D13C4BF4D}.Release|Any CPU.ActiveCfg = Release|Any CPU
		{AC5FC9E5-A7C9-48EB-8F41-889D13C4BF4D}.Release|Any CPU.Build.0 = Release|Any CPU
		{561891D1-136B-4A20-9B83-23C5F1557CE6}.Debug|Any CPU.ActiveCfg = Debug|Any CPU
		{561891D1-136B-4A20-9B83-23C5F1557CE6}.Debug|Any CPU.Build.0 = Debug|Any CPU
		{561891D1-136B-4A20-9B83-23C5F1557CE6}.Release|Any CPU.ActiveCfg = Release|Any CPU
		{561891D1-136B-4A20-9B83-23C5F1557CE6}.Release|Any CPU.Build.0 = Release|Any CPU
		{5262B5B5-E2D5-4475-9740-C737AB1025F5}.Debug|Any CPU.ActiveCfg = Debug|Any CPU
		{5262B5B5-E2D5-4475-9740-C737AB1025F5}.Debug|Any CPU.Build.0 = Debug|Any CPU
		{5262B5B5-E2D5-4475-9740-C737AB1025F5}.Release|Any CPU.ActiveCfg = Release|Any CPU
		{5262B5B5-E2D5-4475-9740-C737AB1025F5}.Release|Any CPU.Build.0 = Release|Any CPU
		{B21F9917-134E-4062-B5A1-19BE8FA2E995}.Debug|Any CPU.ActiveCfg = Debug|Any CPU
		{B21F9917-134E-4062-B5A1-19BE8FA2E995}.Debug|Any CPU.Build.0 = Debug|Any CPU
		{B21F9917-134E-4062-B5A1-19BE8FA2E995}.Release|Any CPU.ActiveCfg = Release|Any CPU
		{B21F9917-134E-4062-B5A1-19BE8FA2E995}.Release|Any CPU.Build.0 = Release|Any CPU
		{3A6CD0AD-4F48-47B1-833C-CD777A2F6804}.Debug|Any CPU.ActiveCfg = Debug|Any CPU
		{3A6CD0AD-4F48-47B1-833C-CD777A2F6804}.Debug|Any CPU.Build.0 = Debug|Any CPU
		{3A6CD0AD-4F48-47B1-833C-CD777A2F6804}.Release|Any CPU.ActiveCfg = Release|Any CPU
		{3A6CD0AD-4F48-47B1-833C-CD777A2F6804}.Release|Any CPU.Build.0 = Release|Any CPU
		{546F295C-AD34-4979-B62A-62C092ABD9CC}.Debug|Any CPU.ActiveCfg = Debug|Any CPU
		{546F295C-AD34-4979-B62A-62C092ABD9CC}.Debug|Any CPU.Build.0 = Debug|Any CPU
		{546F295C-AD34-4979-B62A-62C092ABD9CC}.Release|Any CPU.ActiveCfg = Release|Any CPU
		{546F295C-AD34-4979-B62A-62C092ABD9CC}.Release|Any CPU.Build.0 = Release|Any CPU
		{5C48394D-7EF4-4FA9-9C23-6B66D3A39535}.Debug|Any CPU.ActiveCfg = Debug|Any CPU
		{5C48394D-7EF4-4FA9-9C23-6B66D3A39535}.Debug|Any CPU.Build.0 = Debug|Any CPU
		{5C48394D-7EF4-4FA9-9C23-6B66D3A39535}.Release|Any CPU.ActiveCfg = Release|Any CPU
		{5C48394D-7EF4-4FA9-9C23-6B66D3A39535}.Release|Any CPU.Build.0 = Release|Any CPU
		{7399D12A-E5CB-48A4-BB57-7326133CBD65}.Debug|Any CPU.ActiveCfg = Debug|Any CPU
		{7399D12A-E5CB-48A4-BB57-7326133CBD65}.Debug|Any CPU.Build.0 = Debug|Any CPU
		{7399D12A-E5CB-48A4-BB57-7326133CBD65}.Release|Any CPU.ActiveCfg = Release|Any CPU
		{7399D12A-E5CB-48A4-BB57-7326133CBD65}.Release|Any CPU.Build.0 = Release|Any CPU
		{A2F1DF65-60BE-4492-99D7-F3799A9D7DD9}.Debug|Any CPU.ActiveCfg = Debug|Any CPU
		{A2F1DF65-60BE-4492-99D7-F3799A9D7DD9}.Debug|Any CPU.Build.0 = Debug|Any CPU
		{A2F1DF65-60BE-4492-99D7-F3799A9D7DD9}.Release|Any CPU.ActiveCfg = Release|Any CPU
		{A2F1DF65-60BE-4492-99D7-F3799A9D7DD9}.Release|Any CPU.Build.0 = Release|Any CPU
		{D45AE23B-3B98-4869-9CE5-61C40D04BE72}.Debug|Any CPU.ActiveCfg = Debug|Any CPU
		{D45AE23B-3B98-4869-9CE5-61C40D04BE72}.Debug|Any CPU.Build.0 = Debug|Any CPU
		{D45AE23B-3B98-4869-9CE5-61C40D04BE72}.Release|Any CPU.ActiveCfg = Release|Any CPU
		{D45AE23B-3B98-4869-9CE5-61C40D04BE72}.Release|Any CPU.Build.0 = Release|Any CPU
		{42CA61B8-0FAD-4A27-9CA6-891547FF111B}.Debug|Any CPU.ActiveCfg = Debug|Any CPU
		{42CA61B8-0FAD-4A27-9CA6-891547FF111B}.Debug|Any CPU.Build.0 = Debug|Any CPU
		{42CA61B8-0FAD-4A27-9CA6-891547FF111B}.Release|Any CPU.ActiveCfg = Release|Any CPU
		{42CA61B8-0FAD-4A27-9CA6-891547FF111B}.Release|Any CPU.Build.0 = Release|Any CPU
		{4D15EF60-3A22-4F83-9C91-5B5222A772C9}.Debug|Any CPU.ActiveCfg = Debug|Any CPU
		{4D15EF60-3A22-4F83-9C91-5B5222A772C9}.Debug|Any CPU.Build.0 = Debug|Any CPU
		{4D15EF60-3A22-4F83-9C91-5B5222A772C9}.Release|Any CPU.ActiveCfg = Release|Any CPU
		{4D15EF60-3A22-4F83-9C91-5B5222A772C9}.Release|Any CPU.Build.0 = Release|Any CPU
		{B30FCE28-5308-4587-A802-87894EA985D4}.Debug|Any CPU.ActiveCfg = Debug|Any CPU
		{B30FCE28-5308-4587-A802-87894EA985D4}.Debug|Any CPU.Build.0 = Debug|Any CPU
		{B30FCE28-5308-4587-A802-87894EA985D4}.Release|Any CPU.ActiveCfg = Release|Any CPU
		{B30FCE28-5308-4587-A802-87894EA985D4}.Release|Any CPU.Build.0 = Release|Any CPU
	EndGlobalSection
	GlobalSection(SolutionProperties) = preSolution
		HideSolutionNode = FALSE
	EndGlobalSection
	GlobalSection(NestedProjects) = preSolution
		{6ECDD05B-D9CA-4193-841C-509D63E43894} = {88633096-664A-40A2-951A-C142974B7C6C}
		{6C05D892-B13D-4666-A81F-E95615A4AC2F} = {88633096-664A-40A2-951A-C142974B7C6C}
		{561891D1-136B-4A20-9B83-23C5F1557CE6} = {658F10E6-D599-46B3-9922-44C1B0D5D4F3}
		{5262B5B5-E2D5-4475-9740-C737AB1025F5} = {658F10E6-D599-46B3-9922-44C1B0D5D4F3}
		{B21F9917-134E-4062-B5A1-19BE8FA2E995} = {658F10E6-D599-46B3-9922-44C1B0D5D4F3}
		{3A6CD0AD-4F48-47B1-833C-CD777A2F6804} = {658F10E6-D599-46B3-9922-44C1B0D5D4F3}
		{546F295C-AD34-4979-B62A-62C092ABD9CC} = {2A259553-4028-4E93-921D-A089D0DDD0C4}
		{5C48394D-7EF4-4FA9-9C23-6B66D3A39535} = {2A259553-4028-4E93-921D-A089D0DDD0C4}
		{7399D12A-E5CB-48A4-BB57-7326133CBD65} = {2A259553-4028-4E93-921D-A089D0DDD0C4}
		{A2F1DF65-60BE-4492-99D7-F3799A9D7DD9} = {2A259553-4028-4E93-921D-A089D0DDD0C4}
		{D45AE23B-3B98-4869-9CE5-61C40D04BE72} = {EC76366E-E765-4463-8B45-13E80A4D2E2E}
		{42CA61B8-0FAD-4A27-9CA6-891547FF111B} = {EC76366E-E765-4463-8B45-13E80A4D2E2E}
		{4D15EF60-3A22-4F83-9C91-5B5222A772C9} = {EC76366E-E765-4463-8B45-13E80A4D2E2E}
		{B30FCE28-5308-4587-A802-87894EA985D4} = {EC76366E-E765-4463-8B45-13E80A4D2E2E}
	EndGlobalSection
	GlobalSection(ExtensibilityGlobals) = postSolution
		SolutionGuid = {DEF9C9F4-A717-4AEF-BE30-DF9F13D3C94E}
	EndGlobalSection
EndGlobal
