
Microsoft Visual Studio Solution File, Format Version 12.00
# Visual Studio Version 17
VisualStudioVersion = 17.6.33829.357
MinimumVisualStudioVersion = 10.0.40219.1
Project("{9A19103F-16F7-4668-BE54-9A1E7A4F7556}") = "SastImg.WebAPI", "SastImgAPI\SastImg.WebAPI.csproj", "{6ECDD05B-D9CA-4193-841C-509D63E43894}"
EndProject
Project("{9A19103F-16F7-4668-BE54-9A1E7A4F7556}") = "Response", "Response\Response.csproj", "{6C05D892-B13D-4666-A81F-E95615A4AC2F}"
EndProject
Project("{2150E333-8FDC-42A3-9474-1A3956D46DE8}") = "PresentationLayer", "PresentationLayer", "{88633096-664A-40A2-951A-C142974B7C6C}"
EndProject
Project("{2150E333-8FDC-42A3-9474-1A3956D46DE8}") = "Image", "Image", "{CBADCB96-CBB5-4A60-9938-68049315DC96}"
EndProject
Project("{FAE04EC0-301F-11D3-BF4B-00C04F79EFBC}") = "Image.WebAPI", "Image\Image.WebAPI\Image.WebAPI.csproj", "{A3120683-FCE6-42E9-AC8F-746F5C5E82A2}"
EndProject
Project("{FAE04EC0-301F-11D3-BF4B-00C04F79EFBC}") = "Image.Infrastructure", "Image\Image.Infrastructure\Image.Infrastructure.csproj", "{5E984C39-29A4-41A5-819C-5E5BF9492985}"
EndProject
Project("{FAE04EC0-301F-11D3-BF4B-00C04F79EFBC}") = "Image.Domain", "Image\Image.Domain\Image.Domain.csproj", "{62FF12A3-2D42-4800-B43C-37ACFA6F36A4}"
EndProject
Project("{FAE04EC0-301F-11D3-BF4B-00C04F79EFBC}") = "Image.Application", "Image\Image.Application\Image.Application.csproj", "{39226E25-1133-448E-86D6-459D86E69209}"
EndProject
Project("{2150E333-8FDC-42A3-9474-1A3956D46DE8}") = "SocialContact", "SocialContact", "{97997970-4663-40CF-A33B-53334B376114}"
EndProject
Project("{FAE04EC0-301F-11D3-BF4B-00C04F79EFBC}") = "SocialContact.WebAPI", "SocialContact\SocialContact.WebAPI\SocialContact.WebAPI.csproj", "{7D805127-7E9E-438F-9097-98449AAEC4E9}"
EndProject
Project("{FAE04EC0-301F-11D3-BF4B-00C04F79EFBC}") = "SocialContact.Infrastructure", "SocialContact\SocialContact.Infrastructure\SocialContact.Infrastructure.csproj", "{07B4EDC8-C374-4F2A-857C-46C367D608E8}"
EndProject
Project("{FAE04EC0-301F-11D3-BF4B-00C04F79EFBC}") = "SocialContact.Domain", "SocialContact\SocialContact.Domain\SocialContact.Domain.csproj", "{F74FA478-5C26-40DC-B5DD-35FBC780ABB1}"
EndProject
Project("{FAE04EC0-301F-11D3-BF4B-00C04F79EFBC}") = "SocialContact.Application", "SocialContact\SocialContact.Application\SocialContact.Application.csproj", "{CFFBA1A8-7648-4B69-93B8-270E1DB55ABB}"
EndProject
Global
	GlobalSection(SolutionConfigurationPlatforms) = preSolution
		Debug|Any CPU = Debug|Any CPU
		Release|Any CPU = Release|Any CPU
	EndGlobalSection
	GlobalSection(ProjectConfigurationPlatforms) = postSolution
		{6ECDD05B-D9CA-4193-841C-509D63E43894}.Debug|Any CPU.ActiveCfg = Debug|Any CPU
		{6ECDD05B-D9CA-4193-841C-509D63E43894}.Debug|Any CPU.Build.0 = Debug|Any CPU
		{6ECDD05B-D9CA-4193-841C-509D63E43894}.Release|Any CPU.ActiveCfg = Release|Any CPU
		{6ECDD05B-D9CA-4193-841C-509D63E43894}.Release|Any CPU.Build.0 = Release|Any CPU
		{6C05D892-B13D-4666-A81F-E95615A4AC2F}.Debug|Any CPU.ActiveCfg = Debug|Any CPU
		{6C05D892-B13D-4666-A81F-E95615A4AC2F}.Debug|Any CPU.Build.0 = Debug|Any CPU
		{6C05D892-B13D-4666-A81F-E95615A4AC2F}.Release|Any CPU.ActiveCfg = Release|Any CPU
		{6C05D892-B13D-4666-A81F-E95615A4AC2F}.Release|Any CPU.Build.0 = Release|Any CPU
		{A3120683-FCE6-42E9-AC8F-746F5C5E82A2}.Debug|Any CPU.ActiveCfg = Debug|Any CPU
		{A3120683-FCE6-42E9-AC8F-746F5C5E82A2}.Debug|Any CPU.Build.0 = Debug|Any CPU
		{A3120683-FCE6-42E9-AC8F-746F5C5E82A2}.Release|Any CPU.ActiveCfg = Release|Any CPU
		{A3120683-FCE6-42E9-AC8F-746F5C5E82A2}.Release|Any CPU.Build.0 = Release|Any CPU
		{5E984C39-29A4-41A5-819C-5E5BF9492985}.Debug|Any CPU.ActiveCfg = Debug|Any CPU
		{5E984C39-29A4-41A5-819C-5E5BF9492985}.Debug|Any CPU.Build.0 = Debug|Any CPU
		{5E984C39-29A4-41A5-819C-5E5BF9492985}.Release|Any CPU.ActiveCfg = Release|Any CPU
		{5E984C39-29A4-41A5-819C-5E5BF9492985}.Release|Any CPU.Build.0 = Release|Any CPU
		{62FF12A3-2D42-4800-B43C-37ACFA6F36A4}.Debug|Any CPU.ActiveCfg = Debug|Any CPU
		{62FF12A3-2D42-4800-B43C-37ACFA6F36A4}.Debug|Any CPU.Build.0 = Debug|Any CPU
		{62FF12A3-2D42-4800-B43C-37ACFA6F36A4}.Release|Any CPU.ActiveCfg = Release|Any CPU
		{62FF12A3-2D42-4800-B43C-37ACFA6F36A4}.Release|Any CPU.Build.0 = Release|Any CPU
		{39226E25-1133-448E-86D6-459D86E69209}.Debug|Any CPU.ActiveCfg = Debug|Any CPU
		{39226E25-1133-448E-86D6-459D86E69209}.Debug|Any CPU.Build.0 = Debug|Any CPU
		{39226E25-1133-448E-86D6-459D86E69209}.Release|Any CPU.ActiveCfg = Release|Any CPU
		{39226E25-1133-448E-86D6-459D86E69209}.Release|Any CPU.Build.0 = Release|Any CPU
		{7D805127-7E9E-438F-9097-98449AAEC4E9}.Debug|Any CPU.ActiveCfg = Debug|Any CPU
		{7D805127-7E9E-438F-9097-98449AAEC4E9}.Debug|Any CPU.Build.0 = Debug|Any CPU
		{7D805127-7E9E-438F-9097-98449AAEC4E9}.Release|Any CPU.ActiveCfg = Release|Any CPU
		{7D805127-7E9E-438F-9097-98449AAEC4E9}.Release|Any CPU.Build.0 = Release|Any CPU
		{07B4EDC8-C374-4F2A-857C-46C367D608E8}.Debug|Any CPU.ActiveCfg = Debug|Any CPU
		{07B4EDC8-C374-4F2A-857C-46C367D608E8}.Debug|Any CPU.Build.0 = Debug|Any CPU
		{07B4EDC8-C374-4F2A-857C-46C367D608E8}.Release|Any CPU.ActiveCfg = Release|Any CPU
		{07B4EDC8-C374-4F2A-857C-46C367D608E8}.Release|Any CPU.Build.0 = Release|Any CPU
		{F74FA478-5C26-40DC-B5DD-35FBC780ABB1}.Debug|Any CPU.ActiveCfg = Debug|Any CPU
		{F74FA478-5C26-40DC-B5DD-35FBC780ABB1}.Debug|Any CPU.Build.0 = Debug|Any CPU
		{F74FA478-5C26-40DC-B5DD-35FBC780ABB1}.Release|Any CPU.ActiveCfg = Release|Any CPU
		{F74FA478-5C26-40DC-B5DD-35FBC780ABB1}.Release|Any CPU.Build.0 = Release|Any CPU
		{CFFBA1A8-7648-4B69-93B8-270E1DB55ABB}.Debug|Any CPU.ActiveCfg = Debug|Any CPU
		{CFFBA1A8-7648-4B69-93B8-270E1DB55ABB}.Debug|Any CPU.Build.0 = Debug|Any CPU
		{CFFBA1A8-7648-4B69-93B8-270E1DB55ABB}.Release|Any CPU.ActiveCfg = Release|Any CPU
		{CFFBA1A8-7648-4B69-93B8-270E1DB55ABB}.Release|Any CPU.Build.0 = Release|Any CPU
	EndGlobalSection
	GlobalSection(SolutionProperties) = preSolution
		HideSolutionNode = FALSE
	EndGlobalSection
	GlobalSection(NestedProjects) = preSolution
		{6ECDD05B-D9CA-4193-841C-509D63E43894} = {88633096-664A-40A2-951A-C142974B7C6C}
		{6C05D892-B13D-4666-A81F-E95615A4AC2F} = {88633096-664A-40A2-951A-C142974B7C6C}
		{A3120683-FCE6-42E9-AC8F-746F5C5E82A2} = {CBADCB96-CBB5-4A60-9938-68049315DC96}
		{5E984C39-29A4-41A5-819C-5E5BF9492985} = {CBADCB96-CBB5-4A60-9938-68049315DC96}
		{62FF12A3-2D42-4800-B43C-37ACFA6F36A4} = {CBADCB96-CBB5-4A60-9938-68049315DC96}
		{39226E25-1133-448E-86D6-459D86E69209} = {CBADCB96-CBB5-4A60-9938-68049315DC96}
		{7D805127-7E9E-438F-9097-98449AAEC4E9} = {97997970-4663-40CF-A33B-53334B376114}
		{07B4EDC8-C374-4F2A-857C-46C367D608E8} = {97997970-4663-40CF-A33B-53334B376114}
		{F74FA478-5C26-40DC-B5DD-35FBC780ABB1} = {97997970-4663-40CF-A33B-53334B376114}
		{CFFBA1A8-7648-4B69-93B8-270E1DB55ABB} = {97997970-4663-40CF-A33B-53334B376114}
	EndGlobalSection
	GlobalSection(ExtensibilityGlobals) = postSolution
		SolutionGuid = {DEF9C9F4-A717-4AEF-BE30-DF9F13D3C94E}
	EndGlobalSection
EndGlobal
