
Microsoft Visual Studio Solution File, Format Version 12.00
# Visual Studio Version 17
VisualStudioVersion = 17.6.33829.357
MinimumVisualStudioVersion = 10.0.40219.1
Project("{2150E333-8FDC-42A3-9474-1A3956D46DE8}") = "Account", "Account", "{658F10E6-D599-46B3-9922-44C1B0D5D4F3}"
EndProject
Project("{9A19103F-16F7-4668-BE54-9A1E7A4F7556}") = "Account.Infrastructure", "Account\Account.Infrastructure\Account.Infrastructure.csproj", "{5262B5B5-E2D5-4475-9740-C737AB1025F5}"
EndProject
Project("{9A19103F-16F7-4668-BE54-9A1E7A4F7556}") = "Account.Application", "Account\Account.Application\Account.Application.csproj", "{B21F9917-134E-4062-B5A1-19BE8FA2E995}"
EndProject
Project("{2150E333-8FDC-42A3-9474-1A3956D46DE8}") = "SastImg", "SastImg", "{EC76366E-E765-4463-8B45-13E80A4D2E2E}"
EndProject
Project("{9A19103F-16F7-4668-BE54-9A1E7A4F7556}") = "SastImg.WebAPI", "SastImg\SastImg.WebAPI\SastImg.WebAPI.csproj", "{D45AE23B-3B98-4869-9CE5-61C40D04BE72}"
EndProject
Project("{9A19103F-16F7-4668-BE54-9A1E7A4F7556}") = "SastImg.Domain", "SastImg\SastImg.Domain\SastImg.Domain.csproj", "{42CA61B8-0FAD-4A27-9CA6-891547FF111B}"
EndProject
Project("{9A19103F-16F7-4668-BE54-9A1E7A4F7556}") = "SastImg.Application", "SastImg\SastImg.Application\SastImg.Application.csproj", "{4D15EF60-3A22-4F83-9C91-5B5222A772C9}"
EndProject
Project("{9A19103F-16F7-4668-BE54-9A1E7A4F7556}") = "SastImg.Infrastructure", "SastImg\SastImg.Infrastructure\SastImg.Infrastructure.csproj", "{B30FCE28-5308-4587-A802-87894EA985D4}"
EndProject
Project("{9A19103F-16F7-4668-BE54-9A1E7A4F7556}") = "Primitives", "Components\Primitives\Primitives.csproj", "{AAD2B642-EF9A-4455-AF02-6794EB185E26}"
EndProject
Project("{2150E333-8FDC-42A3-9474-1A3956D46DE8}") = "SNS", "SNS", "{91D622E4-6572-43F5-A8AC-0AD759CACEC0}"
EndProject
Project("{9A19103F-16F7-4668-BE54-9A1E7A4F7556}") = "SNS.Application", "SNS\SNS.Application\SNS.Application.csproj", "{373179B9-BFED-4FAB-BC46-897DA8089FF9}"
EndProject
Project("{9A19103F-16F7-4668-BE54-9A1E7A4F7556}") = "SNS.Domain", "SNS\SNS.Domain\SNS.Domain.csproj", "{39B3898E-35C3-4154-90F3-6CF4858BA78A}"
EndProject
Project("{9A19103F-16F7-4668-BE54-9A1E7A4F7556}") = "SNS.Infrastructure", "SNS\SNS.Infrastructure\SNS.Infrastructure.csproj", "{D7500641-8755-4CF4-AF0F-25723C712C95}"
EndProject
Project("{9A19103F-16F7-4668-BE54-9A1E7A4F7556}") = "Account.WebAPI", "Account\Account.WebAPI\Account.WebAPI.csproj", "{1AD3097A-7987-4296-909D-7BCAEBF3D430}"
EndProject
Project("{9A19103F-16F7-4668-BE54-9A1E7A4F7556}") = "Auth", "Components\Auth\Auth.csproj", "{60D233A2-8E36-4F8C-BAE5-2F4D8F4BDA9C}"
EndProject
Project("{9A19103F-16F7-4668-BE54-9A1E7A4F7556}") = "SNS.WebAPI", "SNS\SNS.WebAPI\SNS.WebAPI.csproj", "{8530BF9C-9B3E-4F52-A8CE-81CCDF90431E}"
EndProject
Project("{9A19103F-16F7-4668-BE54-9A1E7A4F7556}") = "SastImg.Test", "SastImg\SastImg.Test\SastImg.Test.csproj", "{A2184EF7-7D13-4B31-83C3-E1BE8A1D025E}"
EndProject
Project("{2150E333-8FDC-42A3-9474-1A3956D46DE8}") = "Notifications", "Notifications", "{7FC8DD5C-0644-4338-9C01-BAF459EC3668}"
EndProject
Project("{9A19103F-16F7-4668-BE54-9A1E7A4F7556}") = "Notifications.Application", "Notifications\Notifications.Application\Notifications.Application.csproj", "{EADCC9A2-5DA4-4A71-9006-304FA0072F86}"
EndProject
Project("{9A19103F-16F7-4668-BE54-9A1E7A4F7556}") = "Notifications.Infrastructure", "Notifications\Notifications.Infrastructure\Notifications.Infrastructure.csproj", "{D9158DE7-BB75-4102-A728-D8A2A702C502}"
EndProject
Project("{9A19103F-16F7-4668-BE54-9A1E7A4F7556}") = "Notifications.WebAPI", "Notifications\Notifications.WebAPI\Notifications.WebAPI.csproj", "{821EEB52-AFF6-414A-A22C-B596C2C258D7}"
EndProject
Project("{9A19103F-16F7-4668-BE54-9A1E7A4F7556}") = "Exceptions", "Components\Exceptions\Exceptions.csproj", "{7609CBDA-DB77-4A40-AE3F-9919AA09EEFC}"
EndProject
Project("{9A19103F-16F7-4668-BE54-9A1E7A4F7556}") = "Account.Domain", "Account\Account.Domain\Account.Domain.csproj", "{03D72F56-CA95-4421-9308-731C9A3AA610}"
EndProject
Project("{9A19103F-16F7-4668-BE54-9A1E7A4F7556}") = "Notifications.Domain", "Notifications\Notifications.Domain\Notifications.Domain.csproj", "{DC95BEDC-56BA-4362-9FDF-B4FDE35C50C4}"
EndProject
Project("{9A19103F-16F7-4668-BE54-9A1E7A4F7556}") = "Response", "Components\Response\Response.csproj", "{A4D09771-BFA3-48FE-A9D7-4FBFB3C249D0}"
EndProject
Project("{9A19103F-16F7-4668-BE54-9A1E7A4F7556}") = "Proxy", "Proxy\Proxy.csproj", "{EC9E24CB-963C-4C36-8475-2DFE4388813B}"
EndProject
Project("{9A19103F-16F7-4668-BE54-9A1E7A4F7556}") = "SNS.Domain.Core", "SNS\SNS.Domain.Core\SNS.Domain.Core.csproj", "{009BD4EA-1043-490F-8951-852BB7398135}"
EndProject
Project("{9A19103F-16F7-4668-BE54-9A1E7A4F7556}") = "AppHost", "AppHost\AppHost.csproj", "{86304C78-0892-4BC6-B0A1-8093CCAFB1C0}"
EndProject
Project("{FAE04EC0-301F-11D3-BF4B-00C04F79EFBC}") = "ServiceDefaults", "Components\ServiceDefaults\ServiceDefaults.csproj", "{907BF7AC-FB3B-495F-B67B-38E0C692F11D}"
EndProject
Project("{FAE04EC0-301F-11D3-BF4B-00C04F79EFBC}") = "Identity", "Components\Identity\Identity.csproj", "{FC938FB7-DAC0-4522-806E-29BA98949610}"
EndProject
Project("{2150E333-8FDC-42A3-9474-1A3956D46DE8}") = "Components", "Components", "{02EA681E-C7D8-13C7-8484-4AC65E1B71E8}"
EndProject
Project("{FAE04EC0-301F-11D3-BF4B-00C04F79EFBC}") = "Persistence", "Components\Persistence\Persistence.csproj", "{AB164881-246A-4688-BD37-D4632DAFDAE3}"
EndProject
Project("{2150E333-8FDC-42A3-9474-1A3956D46DE8}") = "Storage", "Storage", "{0573FDDC-6744-4623-BFC4-37396D9357B8}"
EndProject
Project("{FAE04EC0-301F-11D3-BF4B-00C04F79EFBC}") = "Storage.WebAPI", "Storage\Storage.WebAPI\Storage.WebAPI.csproj", "{DD1E2EBE-D3FE-2219-3C3E-96504740ABD9}"
EndProject
Project("{FAE04EC0-301F-11D3-BF4B-00C04F79EFBC}") = "Storage.Application", "Storage\Storage.Application\Storage.Application.csproj", "{FCB66345-F912-4760-8412-42C7CED1C509}"
EndProject
Project("{FAE04EC0-301F-11D3-BF4B-00C04F79EFBC}") = "Storage.Infrastructure", "Storage\Storage.Infrastructure\Storage.Infrastructure.csproj", "{0A85A110-9B4D-49B1-9348-00476805BB9B}"
EndProject
Project("{FAE04EC0-301F-11D3-BF4B-00C04F79EFBC}") = "Storage.Test", "Storage\Storage.Test\Storage.Test.csproj", "{A7B53942-FA2E-422A-AEB9-FE667DEF9DBA}"
EndProject
Global
	GlobalSection(SolutionConfigurationPlatforms) = preSolution
		Debug|Any CPU = Debug|Any CPU
		Release|Any CPU = Release|Any CPU
	EndGlobalSection
	GlobalSection(ProjectConfigurationPlatforms) = postSolution
		{5262B5B5-E2D5-4475-9740-C737AB1025F5}.Debug|Any CPU.ActiveCfg = Debug|Any CPU
		{5262B5B5-E2D5-4475-9740-C737AB1025F5}.Debug|Any CPU.Build.0 = Debug|Any CPU
		{5262B5B5-E2D5-4475-9740-C737AB1025F5}.Release|Any CPU.ActiveCfg = Release|Any CPU
		{5262B5B5-E2D5-4475-9740-C737AB1025F5}.Release|Any CPU.Build.0 = Release|Any CPU
		{B21F9917-134E-4062-B5A1-19BE8FA2E995}.Debug|Any CPU.ActiveCfg = Debug|Any CPU
		{B21F9917-134E-4062-B5A1-19BE8FA2E995}.Debug|Any CPU.Build.0 = Debug|Any CPU
		{B21F9917-134E-4062-B5A1-19BE8FA2E995}.Release|Any CPU.ActiveCfg = Release|Any CPU
		{B21F9917-134E-4062-B5A1-19BE8FA2E995}.Release|Any CPU.Build.0 = Release|Any CPU
		{D45AE23B-3B98-4869-9CE5-61C40D04BE72}.Debug|Any CPU.ActiveCfg = Debug|Any CPU
		{D45AE23B-3B98-4869-9CE5-61C40D04BE72}.Debug|Any CPU.Build.0 = Debug|Any CPU
		{D45AE23B-3B98-4869-9CE5-61C40D04BE72}.Release|Any CPU.ActiveCfg = Release|Any CPU
		{D45AE23B-3B98-4869-9CE5-61C40D04BE72}.Release|Any CPU.Build.0 = Release|Any CPU
		{42CA61B8-0FAD-4A27-9CA6-891547FF111B}.Debug|Any CPU.ActiveCfg = Debug|Any CPU
		{42CA61B8-0FAD-4A27-9CA6-891547FF111B}.Debug|Any CPU.Build.0 = Debug|Any CPU
		{42CA61B8-0FAD-4A27-9CA6-891547FF111B}.Release|Any CPU.ActiveCfg = Release|Any CPU
		{42CA61B8-0FAD-4A27-9CA6-891547FF111B}.Release|Any CPU.Build.0 = Release|Any CPU
		{4D15EF60-3A22-4F83-9C91-5B5222A772C9}.Debug|Any CPU.ActiveCfg = Debug|Any CPU
		{4D15EF60-3A22-4F83-9C91-5B5222A772C9}.Debug|Any CPU.Build.0 = Debug|Any CPU
		{4D15EF60-3A22-4F83-9C91-5B5222A772C9}.Release|Any CPU.ActiveCfg = Release|Any CPU
		{4D15EF60-3A22-4F83-9C91-5B5222A772C9}.Release|Any CPU.Build.0 = Release|Any CPU
		{B30FCE28-5308-4587-A802-87894EA985D4}.Debug|Any CPU.ActiveCfg = Debug|Any CPU
		{B30FCE28-5308-4587-A802-87894EA985D4}.Debug|Any CPU.Build.0 = Debug|Any CPU
		{B30FCE28-5308-4587-A802-87894EA985D4}.Release|Any CPU.ActiveCfg = Release|Any CPU
		{B30FCE28-5308-4587-A802-87894EA985D4}.Release|Any CPU.Build.0 = Release|Any CPU
		{AAD2B642-EF9A-4455-AF02-6794EB185E26}.Debug|Any CPU.ActiveCfg = Debug|Any CPU
		{AAD2B642-EF9A-4455-AF02-6794EB185E26}.Debug|Any CPU.Build.0 = Debug|Any CPU
		{AAD2B642-EF9A-4455-AF02-6794EB185E26}.Release|Any CPU.ActiveCfg = Release|Any CPU
		{AAD2B642-EF9A-4455-AF02-6794EB185E26}.Release|Any CPU.Build.0 = Release|Any CPU
		{373179B9-BFED-4FAB-BC46-897DA8089FF9}.Debug|Any CPU.ActiveCfg = Debug|Any CPU
		{373179B9-BFED-4FAB-BC46-897DA8089FF9}.Debug|Any CPU.Build.0 = Debug|Any CPU
		{373179B9-BFED-4FAB-BC46-897DA8089FF9}.Release|Any CPU.ActiveCfg = Release|Any CPU
		{373179B9-BFED-4FAB-BC46-897DA8089FF9}.Release|Any CPU.Build.0 = Release|Any CPU
		{39B3898E-35C3-4154-90F3-6CF4858BA78A}.Debug|Any CPU.ActiveCfg = Debug|Any CPU
		{39B3898E-35C3-4154-90F3-6CF4858BA78A}.Debug|Any CPU.Build.0 = Debug|Any CPU
		{39B3898E-35C3-4154-90F3-6CF4858BA78A}.Release|Any CPU.ActiveCfg = Release|Any CPU
		{39B3898E-35C3-4154-90F3-6CF4858BA78A}.Release|Any CPU.Build.0 = Release|Any CPU
		{D7500641-8755-4CF4-AF0F-25723C712C95}.Debug|Any CPU.ActiveCfg = Debug|Any CPU
		{D7500641-8755-4CF4-AF0F-25723C712C95}.Debug|Any CPU.Build.0 = Debug|Any CPU
		{D7500641-8755-4CF4-AF0F-25723C712C95}.Release|Any CPU.ActiveCfg = Release|Any CPU
		{D7500641-8755-4CF4-AF0F-25723C712C95}.Release|Any CPU.Build.0 = Release|Any CPU
		{1AD3097A-7987-4296-909D-7BCAEBF3D430}.Debug|Any CPU.ActiveCfg = Debug|Any CPU
		{1AD3097A-7987-4296-909D-7BCAEBF3D430}.Debug|Any CPU.Build.0 = Debug|Any CPU
		{1AD3097A-7987-4296-909D-7BCAEBF3D430}.Release|Any CPU.ActiveCfg = Release|Any CPU
		{1AD3097A-7987-4296-909D-7BCAEBF3D430}.Release|Any CPU.Build.0 = Release|Any CPU
		{60D233A2-8E36-4F8C-BAE5-2F4D8F4BDA9C}.Debug|Any CPU.ActiveCfg = Debug|Any CPU
		{60D233A2-8E36-4F8C-BAE5-2F4D8F4BDA9C}.Debug|Any CPU.Build.0 = Debug|Any CPU
		{60D233A2-8E36-4F8C-BAE5-2F4D8F4BDA9C}.Release|Any CPU.ActiveCfg = Release|Any CPU
		{60D233A2-8E36-4F8C-BAE5-2F4D8F4BDA9C}.Release|Any CPU.Build.0 = Release|Any CPU
		{8530BF9C-9B3E-4F52-A8CE-81CCDF90431E}.Debug|Any CPU.ActiveCfg = Debug|Any CPU
		{8530BF9C-9B3E-4F52-A8CE-81CCDF90431E}.Debug|Any CPU.Build.0 = Debug|Any CPU
		{8530BF9C-9B3E-4F52-A8CE-81CCDF90431E}.Release|Any CPU.ActiveCfg = Release|Any CPU
		{8530BF9C-9B3E-4F52-A8CE-81CCDF90431E}.Release|Any CPU.Build.0 = Release|Any CPU
		{A2184EF7-7D13-4B31-83C3-E1BE8A1D025E}.Debug|Any CPU.ActiveCfg = Debug|Any CPU
		{A2184EF7-7D13-4B31-83C3-E1BE8A1D025E}.Debug|Any CPU.Build.0 = Debug|Any CPU
		{A2184EF7-7D13-4B31-83C3-E1BE8A1D025E}.Release|Any CPU.ActiveCfg = Release|Any CPU
		{A2184EF7-7D13-4B31-83C3-E1BE8A1D025E}.Release|Any CPU.Build.0 = Release|Any CPU
		{EADCC9A2-5DA4-4A71-9006-304FA0072F86}.Debug|Any CPU.ActiveCfg = Debug|Any CPU
		{EADCC9A2-5DA4-4A71-9006-304FA0072F86}.Debug|Any CPU.Build.0 = Debug|Any CPU
		{EADCC9A2-5DA4-4A71-9006-304FA0072F86}.Release|Any CPU.ActiveCfg = Release|Any CPU
		{EADCC9A2-5DA4-4A71-9006-304FA0072F86}.Release|Any CPU.Build.0 = Release|Any CPU
		{D9158DE7-BB75-4102-A728-D8A2A702C502}.Debug|Any CPU.ActiveCfg = Debug|Any CPU
		{D9158DE7-BB75-4102-A728-D8A2A702C502}.Debug|Any CPU.Build.0 = Debug|Any CPU
		{D9158DE7-BB75-4102-A728-D8A2A702C502}.Release|Any CPU.ActiveCfg = Release|Any CPU
		{D9158DE7-BB75-4102-A728-D8A2A702C502}.Release|Any CPU.Build.0 = Release|Any CPU
		{821EEB52-AFF6-414A-A22C-B596C2C258D7}.Debug|Any CPU.ActiveCfg = Debug|Any CPU
		{821EEB52-AFF6-414A-A22C-B596C2C258D7}.Debug|Any CPU.Build.0 = Debug|Any CPU
		{821EEB52-AFF6-414A-A22C-B596C2C258D7}.Release|Any CPU.ActiveCfg = Release|Any CPU
		{821EEB52-AFF6-414A-A22C-B596C2C258D7}.Release|Any CPU.Build.0 = Release|Any CPU
		{7609CBDA-DB77-4A40-AE3F-9919AA09EEFC}.Debug|Any CPU.ActiveCfg = Debug|Any CPU
		{7609CBDA-DB77-4A40-AE3F-9919AA09EEFC}.Debug|Any CPU.Build.0 = Debug|Any CPU
		{7609CBDA-DB77-4A40-AE3F-9919AA09EEFC}.Release|Any CPU.ActiveCfg = Release|Any CPU
		{7609CBDA-DB77-4A40-AE3F-9919AA09EEFC}.Release|Any CPU.Build.0 = Release|Any CPU
		{03D72F56-CA95-4421-9308-731C9A3AA610}.Debug|Any CPU.ActiveCfg = Debug|Any CPU
		{03D72F56-CA95-4421-9308-731C9A3AA610}.Debug|Any CPU.Build.0 = Debug|Any CPU
		{03D72F56-CA95-4421-9308-731C9A3AA610}.Release|Any CPU.ActiveCfg = Release|Any CPU
		{03D72F56-CA95-4421-9308-731C9A3AA610}.Release|Any CPU.Build.0 = Release|Any CPU
		{DC95BEDC-56BA-4362-9FDF-B4FDE35C50C4}.Debug|Any CPU.ActiveCfg = Debug|Any CPU
		{DC95BEDC-56BA-4362-9FDF-B4FDE35C50C4}.Debug|Any CPU.Build.0 = Debug|Any CPU
		{DC95BEDC-56BA-4362-9FDF-B4FDE35C50C4}.Release|Any CPU.ActiveCfg = Release|Any CPU
		{DC95BEDC-56BA-4362-9FDF-B4FDE35C50C4}.Release|Any CPU.Build.0 = Release|Any CPU
		{A4D09771-BFA3-48FE-A9D7-4FBFB3C249D0}.Debug|Any CPU.ActiveCfg = Debug|Any CPU
		{A4D09771-BFA3-48FE-A9D7-4FBFB3C249D0}.Debug|Any CPU.Build.0 = Debug|Any CPU
		{A4D09771-BFA3-48FE-A9D7-4FBFB3C249D0}.Release|Any CPU.ActiveCfg = Release|Any CPU
		{A4D09771-BFA3-48FE-A9D7-4FBFB3C249D0}.Release|Any CPU.Build.0 = Release|Any CPU
		{EC9E24CB-963C-4C36-8475-2DFE4388813B}.Debug|Any CPU.ActiveCfg = Debug|Any CPU
		{EC9E24CB-963C-4C36-8475-2DFE4388813B}.Debug|Any CPU.Build.0 = Debug|Any CPU
		{EC9E24CB-963C-4C36-8475-2DFE4388813B}.Release|Any CPU.ActiveCfg = Release|Any CPU
		{EC9E24CB-963C-4C36-8475-2DFE4388813B}.Release|Any CPU.Build.0 = Release|Any CPU
		{009BD4EA-1043-490F-8951-852BB7398135}.Debug|Any CPU.ActiveCfg = Debug|Any CPU
		{009BD4EA-1043-490F-8951-852BB7398135}.Debug|Any CPU.Build.0 = Debug|Any CPU
		{009BD4EA-1043-490F-8951-852BB7398135}.Release|Any CPU.ActiveCfg = Release|Any CPU
		{009BD4EA-1043-490F-8951-852BB7398135}.Release|Any CPU.Build.0 = Release|Any CPU
		{86304C78-0892-4BC6-B0A1-8093CCAFB1C0}.Debug|Any CPU.ActiveCfg = Debug|Any CPU
		{86304C78-0892-4BC6-B0A1-8093CCAFB1C0}.Debug|Any CPU.Build.0 = Debug|Any CPU
		{86304C78-0892-4BC6-B0A1-8093CCAFB1C0}.Release|Any CPU.ActiveCfg = Release|Any CPU
		{86304C78-0892-4BC6-B0A1-8093CCAFB1C0}.Release|Any CPU.Build.0 = Release|Any CPU
		{907BF7AC-FB3B-495F-B67B-38E0C692F11D}.Debug|Any CPU.ActiveCfg = Debug|Any CPU
		{907BF7AC-FB3B-495F-B67B-38E0C692F11D}.Debug|Any CPU.Build.0 = Debug|Any CPU
		{907BF7AC-FB3B-495F-B67B-38E0C692F11D}.Release|Any CPU.ActiveCfg = Release|Any CPU
		{907BF7AC-FB3B-495F-B67B-38E0C692F11D}.Release|Any CPU.Build.0 = Release|Any CPU
		{FC938FB7-DAC0-4522-806E-29BA98949610}.Debug|Any CPU.ActiveCfg = Debug|Any CPU
		{FC938FB7-DAC0-4522-806E-29BA98949610}.Debug|Any CPU.Build.0 = Debug|Any CPU
		{FC938FB7-DAC0-4522-806E-29BA98949610}.Release|Any CPU.ActiveCfg = Release|Any CPU
		{FC938FB7-DAC0-4522-806E-29BA98949610}.Release|Any CPU.Build.0 = Release|Any CPU
		{AB164881-246A-4688-BD37-D4632DAFDAE3}.Debug|Any CPU.ActiveCfg = Debug|Any CPU
		{AB164881-246A-4688-BD37-D4632DAFDAE3}.Debug|Any CPU.Build.0 = Debug|Any CPU
		{AB164881-246A-4688-BD37-D4632DAFDAE3}.Release|Any CPU.ActiveCfg = Release|Any CPU
		{AB164881-246A-4688-BD37-D4632DAFDAE3}.Release|Any CPU.Build.0 = Release|Any CPU
		{DD1E2EBE-D3FE-2219-3C3E-96504740ABD9}.Debug|Any CPU.ActiveCfg = Debug|Any CPU
		{DD1E2EBE-D3FE-2219-3C3E-96504740ABD9}.Debug|Any CPU.Build.0 = Debug|Any CPU
		{DD1E2EBE-D3FE-2219-3C3E-96504740ABD9}.Release|Any CPU.ActiveCfg = Release|Any CPU
		{DD1E2EBE-D3FE-2219-3C3E-96504740ABD9}.Release|Any CPU.Build.0 = Release|Any CPU
		{FCB66345-F912-4760-8412-42C7CED1C509}.Debug|Any CPU.ActiveCfg = Debug|Any CPU
		{FCB66345-F912-4760-8412-42C7CED1C509}.Debug|Any CPU.Build.0 = Debug|Any CPU
		{FCB66345-F912-4760-8412-42C7CED1C509}.Release|Any CPU.ActiveCfg = Release|Any CPU
		{FCB66345-F912-4760-8412-42C7CED1C509}.Release|Any CPU.Build.0 = Release|Any CPU
		{0A85A110-9B4D-49B1-9348-00476805BB9B}.Debug|Any CPU.ActiveCfg = Debug|Any CPU
		{0A85A110-9B4D-49B1-9348-00476805BB9B}.Debug|Any CPU.Build.0 = Debug|Any CPU
		{0A85A110-9B4D-49B1-9348-00476805BB9B}.Release|Any CPU.ActiveCfg = Release|Any CPU
		{0A85A110-9B4D-49B1-9348-00476805BB9B}.Release|Any CPU.Build.0 = Release|Any CPU
		{A7B53942-FA2E-422A-AEB9-FE667DEF9DBA}.Debug|Any CPU.ActiveCfg = Debug|Any CPU
		{A7B53942-FA2E-422A-AEB9-FE667DEF9DBA}.Debug|Any CPU.Build.0 = Debug|Any CPU
		{A7B53942-FA2E-422A-AEB9-FE667DEF9DBA}.Release|Any CPU.ActiveCfg = Release|Any CPU
		{A7B53942-FA2E-422A-AEB9-FE667DEF9DBA}.Release|Any CPU.Build.0 = Release|Any CPU
	EndGlobalSection
	GlobalSection(SolutionProperties) = preSolution
		HideSolutionNode = FALSE
	EndGlobalSection
	GlobalSection(NestedProjects) = preSolution
		{5262B5B5-E2D5-4475-9740-C737AB1025F5} = {658F10E6-D599-46B3-9922-44C1B0D5D4F3}
		{B21F9917-134E-4062-B5A1-19BE8FA2E995} = {658F10E6-D599-46B3-9922-44C1B0D5D4F3}
		{D45AE23B-3B98-4869-9CE5-61C40D04BE72} = {EC76366E-E765-4463-8B45-13E80A4D2E2E}
		{42CA61B8-0FAD-4A27-9CA6-891547FF111B} = {EC76366E-E765-4463-8B45-13E80A4D2E2E}
		{4D15EF60-3A22-4F83-9C91-5B5222A772C9} = {EC76366E-E765-4463-8B45-13E80A4D2E2E}
		{B30FCE28-5308-4587-A802-87894EA985D4} = {EC76366E-E765-4463-8B45-13E80A4D2E2E}
		{AAD2B642-EF9A-4455-AF02-6794EB185E26} = {02EA681E-C7D8-13C7-8484-4AC65E1B71E8}
		{373179B9-BFED-4FAB-BC46-897DA8089FF9} = {91D622E4-6572-43F5-A8AC-0AD759CACEC0}
		{39B3898E-35C3-4154-90F3-6CF4858BA78A} = {91D622E4-6572-43F5-A8AC-0AD759CACEC0}
		{D7500641-8755-4CF4-AF0F-25723C712C95} = {91D622E4-6572-43F5-A8AC-0AD759CACEC0}
		{1AD3097A-7987-4296-909D-7BCAEBF3D430} = {658F10E6-D599-46B3-9922-44C1B0D5D4F3}
		{60D233A2-8E36-4F8C-BAE5-2F4D8F4BDA9C} = {02EA681E-C7D8-13C7-8484-4AC65E1B71E8}
		{8530BF9C-9B3E-4F52-A8CE-81CCDF90431E} = {91D622E4-6572-43F5-A8AC-0AD759CACEC0}
		{A2184EF7-7D13-4B31-83C3-E1BE8A1D025E} = {EC76366E-E765-4463-8B45-13E80A4D2E2E}
		{EADCC9A2-5DA4-4A71-9006-304FA0072F86} = {7FC8DD5C-0644-4338-9C01-BAF459EC3668}
		{D9158DE7-BB75-4102-A728-D8A2A702C502} = {7FC8DD5C-0644-4338-9C01-BAF459EC3668}
		{821EEB52-AFF6-414A-A22C-B596C2C258D7} = {7FC8DD5C-0644-4338-9C01-BAF459EC3668}
		{7609CBDA-DB77-4A40-AE3F-9919AA09EEFC} = {02EA681E-C7D8-13C7-8484-4AC65E1B71E8}
		{03D72F56-CA95-4421-9308-731C9A3AA610} = {658F10E6-D599-46B3-9922-44C1B0D5D4F3}
		{DC95BEDC-56BA-4362-9FDF-B4FDE35C50C4} = {7FC8DD5C-0644-4338-9C01-BAF459EC3668}
		{A4D09771-BFA3-48FE-A9D7-4FBFB3C249D0} = {02EA681E-C7D8-13C7-8484-4AC65E1B71E8}
		{009BD4EA-1043-490F-8951-852BB7398135} = {91D622E4-6572-43F5-A8AC-0AD759CACEC0}
		{907BF7AC-FB3B-495F-B67B-38E0C692F11D} = {02EA681E-C7D8-13C7-8484-4AC65E1B71E8}
		{FC938FB7-DAC0-4522-806E-29BA98949610} = {02EA681E-C7D8-13C7-8484-4AC65E1B71E8}
		{AB164881-246A-4688-BD37-D4632DAFDAE3} = {02EA681E-C7D8-13C7-8484-4AC65E1B71E8}
		{DD1E2EBE-D3FE-2219-3C3E-96504740ABD9} = {0573FDDC-6744-4623-BFC4-37396D9357B8}
		{FCB66345-F912-4760-8412-42C7CED1C509} = {0573FDDC-6744-4623-BFC4-37396D9357B8}
		{0A85A110-9B4D-49B1-9348-00476805BB9B} = {0573FDDC-6744-4623-BFC4-37396D9357B8}
		{A7B53942-FA2E-422A-AEB9-FE667DEF9DBA} = {0573FDDC-6744-4623-BFC4-37396D9357B8}
	EndGlobalSection
	GlobalSection(ExtensibilityGlobals) = postSolution
		SolutionGuid = {DEF9C9F4-A717-4AEF-BE30-DF9F13D3C94E}
	EndGlobalSection
EndGlobal
