<Solution>
  <Folder Name="/DomainLib/">
    <Project Path="DomainLib/Domain.Abstractions/Domain.Abstractions.csproj" />
    <Project Path="DomainLib/Domain.Core/Domain.Core.csproj" />
  </Folder>
  <Project Path="src/Application/Application.csproj" />
  <Project Path="src/Domain/Domain.csproj" />
  <Project Path="src/Infrastructure/Infrastructure.csproj" />
  <Project Path="src/WebAPI/WebAPI.csproj" />
  <Project Path="test/Domain.Tests/Domain.Tests.csproj" />
</Solution>
